{
  "name": "duan1",
  "lockfileVersion": 3,
  "requires": true,
  "packages": {
    "": {
      "dependencies": {
        "admin-lte": "^4.0.0-rc3"
      }
    },
    "node_modules/admin-lte": {
      "version": "4.0.0-rc3",
      "resolved": "https://registry.npmjs.org/admin-lte/-/admin-lte-4.0.0-rc3.tgz",
      "integrity": "sha512-BKEGJknLiNW/l++6tjO9YIy2x6il4y/S977cSaRfi+wadZF3xe7U+vDR8q2H99CVC49VmPqRwb36hiyEVmBQTw==",
      "license": "MIT"
    }
  }
}
